
Microsoft Visual Studio Solution File, Format Version 12.00
# Visual Studio Version 16
VisualStudioVersion = 16.0.30717.126
MinimumVisualStudioVersion = 10.0.40219.1
Project("{FAE04EC0-301F-11D3-BF4B-00C04F79EFBC}") = "Quiz02Traveller", "Quiz02Traveller.csproj", "{7D8C2872-7A0B-4C16-8481-D1E1C16D256C}"
EndProject
Global
	GlobalSection(SolutionConfigurationPlatforms) = preSolution
		Debug|Any CPU = Debug|Any CPU
		Release|Any CPU = Release|Any CPU
	EndGlobalSection
	GlobalSection(ProjectConfigurationPlatforms) = postSolution
		{7D8C2872-7A0B-4C16-8481-D1E1C16D256C}.Debug|Any CPU.ActiveCfg = Debug|Any CPU
		{7D8C2872-7A0B-4C16-8481-D1E1C16D256C}.Debug|Any CPU.Build.0 = Debug|Any CPU
		{7D8C2872-7A0B-4C16-8481-D1E1C16D256C}.Release|Any CPU.ActiveCfg = Release|Any CPU
		{7D8C2872-7A0B-4C16-8481-D1E1C16D256C}.Release|Any CPU.Build.0 = Release|Any CPU
	EndGlobalSection
	GlobalSection(SolutionProperties) = preSolution
		HideSolutionNode = FALSE
	EndGlobalSection
	GlobalSection(ExtensibilityGlobals) = postSolution
		SolutionGuid = {F46513B5-BC83-41E9-B9A0-CC4C2007D76E}
	EndGlobalSection
EndGlobal
