
Microsoft Visual Studio Solution File, Format Version 12.00
# Visual Studio Version 16
VisualStudioVersion = 16.0.30907.101
MinimumVisualStudioVersion = 10.0.40219.1
Project("{FAE04EC0-301F-11D3-BF4B-00C04F79EFBC}") = "Day18Indexer", "Day18Indexer.csproj", "{7CB12092-5ADE-4022-A918-4758448B71AB}"
EndProject
Global
	GlobalSection(SolutionConfigurationPlatforms) = preSolution
		Debug|Any CPU = Debug|Any CPU
		Release|Any CPU = Release|Any CPU
	EndGlobalSection
	GlobalSection(ProjectConfigurationPlatforms) = postSolution
		{7CB12092-5ADE-4022-A918-4758448B71AB}.Debug|Any CPU.ActiveCfg = Debug|Any CPU
		{7CB12092-5ADE-4022-A918-4758448B71AB}.Debug|Any CPU.Build.0 = Debug|Any CPU
		{7CB12092-5ADE-4022-A918-4758448B71AB}.Release|Any CPU.ActiveCfg = Release|Any CPU
		{7CB12092-5ADE-4022-A918-4758448B71AB}.Release|Any CPU.Build.0 = Release|Any CPU
	EndGlobalSection
	GlobalSection(SolutionProperties) = preSolution
		HideSolutionNode = FALSE
	EndGlobalSection
	GlobalSection(ExtensibilityGlobals) = postSolution
		SolutionGuid = {12C0BE06-CF11-4ACB-8E38-4198AA9C16B4}
	EndGlobalSection
EndGlobal
