
Microsoft Visual Studio Solution File, Format Version 12.00
# Visual Studio Version 16
VisualStudioVersion = 16.0.30717.126
MinimumVisualStudioVersion = 10.0.40219.1
Project("{FAE04EC0-301F-11D3-BF4B-00C04F79EFBC}") = "Quiz4PersonEF", "Quiz4PersonEF.csproj", "{7790F770-38FB-4DD5-81C7-89176D19AF3E}"
EndProject
Global
	GlobalSection(SolutionConfigurationPlatforms) = preSolution
		Debug|Any CPU = Debug|Any CPU
		Release|Any CPU = Release|Any CPU
	EndGlobalSection
	GlobalSection(ProjectConfigurationPlatforms) = postSolution
		{7790F770-38FB-4DD5-81C7-89176D19AF3E}.Debug|Any CPU.ActiveCfg = Debug|Any CPU
		{7790F770-38FB-4DD5-81C7-89176D19AF3E}.Debug|Any CPU.Build.0 = Debug|Any CPU
		{7790F770-38FB-4DD5-81C7-89176D19AF3E}.Release|Any CPU.ActiveCfg = Release|Any CPU
		{7790F770-38FB-4DD5-81C7-89176D19AF3E}.Release|Any CPU.Build.0 = Release|Any CPU
	EndGlobalSection
	GlobalSection(SolutionProperties) = preSolution
		HideSolutionNode = FALSE
	EndGlobalSection
	GlobalSection(ExtensibilityGlobals) = postSolution
		SolutionGuid = {44AE034A-8455-4F44-9592-48A44D9CDDDB}
	EndGlobalSection
EndGlobal
