
Microsoft Visual Studio Solution File, Format Version 12.00
# Visual Studio Version 16
VisualStudioVersion = 16.0.30717.126
MinimumVisualStudioVersion = 10.0.40219.1
Project("{FAE04EC0-301F-11D3-BF4B-00C04F79EFBC}") = "Day01HelloWorld", "Day01HelloWorld.csproj", "{A90B1106-B1F3-4ACF-B3E2-9B4F5442905B}"
EndProject
Global
	GlobalSection(SolutionConfigurationPlatforms) = preSolution
		Debug|Any CPU = Debug|Any CPU
		Release|Any CPU = Release|Any CPU
	EndGlobalSection
	GlobalSection(ProjectConfigurationPlatforms) = postSolution
		{A90B1106-B1F3-4ACF-B3E2-9B4F5442905B}.Debug|Any CPU.ActiveCfg = Debug|Any CPU
		{A90B1106-B1F3-4ACF-B3E2-9B4F5442905B}.Debug|Any CPU.Build.0 = Debug|Any CPU
		{A90B1106-B1F3-4ACF-B3E2-9B4F5442905B}.Release|Any CPU.ActiveCfg = Release|Any CPU
		{A90B1106-B1F3-4ACF-B3E2-9B4F5442905B}.Release|Any CPU.Build.0 = Release|Any CPU
	EndGlobalSection
	GlobalSection(SolutionProperties) = preSolution
		HideSolutionNode = FALSE
	EndGlobalSection
	GlobalSection(ExtensibilityGlobals) = postSolution
		SolutionGuid = {6502EE1D-2A3D-44AE-BD09-E840B6296C4B}
	EndGlobalSection
EndGlobal
