
Microsoft Visual Studio Solution File, Format Version 12.00
# Visual Studio Version 16
VisualStudioVersion = 16.0.30717.126
MinimumVisualStudioVersion = 10.0.40219.1
Project("{FAE04EC0-301F-11D3-BF4B-00C04F79EFBC}") = "Day05WpfNotePad", "Day05WpfNotePad.csproj", "{A064BA10-1433-4854-8127-A1E05448DC1D}"
EndProject
Global
	GlobalSection(SolutionConfigurationPlatforms) = preSolution
		Debug|Any CPU = Debug|Any CPU
		Release|Any CPU = Release|Any CPU
	EndGlobalSection
	GlobalSection(ProjectConfigurationPlatforms) = postSolution
		{A064BA10-1433-4854-8127-A1E05448DC1D}.Debug|Any CPU.ActiveCfg = Debug|Any CPU
		{A064BA10-1433-4854-8127-A1E05448DC1D}.Debug|Any CPU.Build.0 = Debug|Any CPU
		{A064BA10-1433-4854-8127-A1E05448DC1D}.Release|Any CPU.ActiveCfg = Release|Any CPU
		{A064BA10-1433-4854-8127-A1E05448DC1D}.Release|Any CPU.Build.0 = Release|Any CPU
	EndGlobalSection
	GlobalSection(SolutionProperties) = preSolution
		HideSolutionNode = FALSE
	EndGlobalSection
	GlobalSection(ExtensibilityGlobals) = postSolution
		SolutionGuid = {6928E78C-85B3-45AB-8389-3940408D4D33}
	EndGlobalSection
EndGlobal
