
Microsoft Visual Studio Solution File, Format Version 12.00
# Visual Studio Version 16
VisualStudioVersion = 16.0.30717.126
MinimumVisualStudioVersion = 10.0.40219.1
Project("{FAE04EC0-301F-11D3-BF4B-00C04F79EFBC}") = "Day05NotePad", "Day05NotePad.csproj", "{087DF2A6-CEC1-4DD1-939F-A8F73C2A85D1}"
EndProject
Global
	GlobalSection(SolutionConfigurationPlatforms) = preSolution
		Debug|Any CPU = Debug|Any CPU
		Release|Any CPU = Release|Any CPU
	EndGlobalSection
	GlobalSection(ProjectConfigurationPlatforms) = postSolution
		{087DF2A6-CEC1-4DD1-939F-A8F73C2A85D1}.Debug|Any CPU.ActiveCfg = Debug|Any CPU
		{087DF2A6-CEC1-4DD1-939F-A8F73C2A85D1}.Debug|Any CPU.Build.0 = Debug|Any CPU
		{087DF2A6-CEC1-4DD1-939F-A8F73C2A85D1}.Release|Any CPU.ActiveCfg = Release|Any CPU
		{087DF2A6-CEC1-4DD1-939F-A8F73C2A85D1}.Release|Any CPU.Build.0 = Release|Any CPU
	EndGlobalSection
	GlobalSection(SolutionProperties) = preSolution
		HideSolutionNode = FALSE
	EndGlobalSection
	GlobalSection(ExtensibilityGlobals) = postSolution
		SolutionGuid = {1E738DC5-8C70-404F-8553-E74B749BBF00}
	EndGlobalSection
EndGlobal
